
Microsoft Visual Studio Solution File, Format Version 12.00
# Visual Studio Version 17
VisualStudioVersion = 17.4.33403.182
MinimumVisualStudioVersion = 10.0.40219.1
Project("{9A19103F-16F7-4668-BE54-9A1E7A4F7556}") = "CityAttraction", "CityAttraction\CityAttraction.csproj", "{F2265EA3-1048-4C5C-8B0D-38F3E9D75DC8}"
EndProject
Project("{9A19103F-16F7-4668-BE54-9A1E7A4F7556}") = "CityAttraction.Tests", "CityAttraction.Tests\CityAttraction.Tests.csproj", "{0FE22345-8E36-46AC-B9CD-B86C90E7016F}"
EndProject
Global
	GlobalSection(SolutionConfigurationPlatforms) = preSolution
		Debug|Any CPU = Debug|Any CPU
		Release|Any CPU = Release|Any CPU
	EndGlobalSection
	GlobalSection(ProjectConfigurationPlatforms) = postSolution
		{F2265EA3-1048-4C5C-8B0D-38F3E9D75DC8}.Debug|Any CPU.ActiveCfg = Debug|Any CPU
		{F2265EA3-1048-4C5C-8B0D-38F3E9D75DC8}.Debug|Any CPU.Build.0 = Debug|Any CPU
		{F2265EA3-1048-4C5C-8B0D-38F3E9D75DC8}.Release|Any CPU.ActiveCfg = Release|Any CPU
		{F2265EA3-1048-4C5C-8B0D-38F3E9D75DC8}.Release|Any CPU.Build.0 = Release|Any CPU
		{0FE22345-8E36-46AC-B9CD-B86C90E7016F}.Debug|Any CPU.ActiveCfg = Debug|Any CPU
		{0FE22345-8E36-46AC-B9CD-B86C90E7016F}.Debug|Any CPU.Build.0 = Debug|Any CPU
		{0FE22345-8E36-46AC-B9CD-B86C90E7016F}.Release|Any CPU.ActiveCfg = Release|Any CPU
		{0FE22345-8E36-46AC-B9CD-B86C90E7016F}.Release|Any CPU.Build.0 = Release|Any CPU
	EndGlobalSection
	GlobalSection(SolutionProperties) = preSolution
		HideSolutionNode = FALSE
	EndGlobalSection
	GlobalSection(ExtensibilityGlobals) = postSolution
		SolutionGuid = {1322ADDC-E07B-46A8-8842-F47CF7B0C395}
	EndGlobalSection
EndGlobal
